// !$*UTF8*$!
{
	archiveVersion = 1;
	classes = {
	};
	objectVersion = 46;
	objects = {

/* Begin PBXBuildFile section */
		01CD360423754B7D00648A4A /* pokemon.csv in Resources */ = {isa = PBXBuildFile; fileRef = 01CD360323754B7D00648A4A /* pokemon.csv */; };
		01D64BFD237443E200AF9BBC /* AppDelegate.swift in Sources */ = {isa = PBXBuildFile; fileRef = 01D64BFC237443E200AF9BBC /* AppDelegate.swift */; };
		01D64BFF237443E200AF9BBC /* ViewController.swift in Sources */ = {isa = PBXBuildFile; fileRef = 01D64BFE237443E200AF9BBC /* ViewController.swift */; };
		01D64C02237443E200AF9BBC /* Main.storyboard in Resources */ = {isa = PBXBuildFile; fileRef = 01D64C00237443E200AF9BBC /* Main.storyboard */; };
		01D64C07237443E200AF9BBC /* LaunchScreen.storyboard in Resources */ = {isa = PBXBuildFile; fileRef = 01D64C05237443E200AF9BBC /* LaunchScreen.storyboard */; };
		01E2DF2D23754F9A0096CBAB /* Assets.xcassets in Resources */ = {isa = PBXBuildFile; fileRef = 01E2DF2C23754F9A0096CBAB /* Assets.xcassets */; };
		01E2DF3023755C3E0096CBAB /* PokemonModel.swift in Sources */ = {isa = PBXBuildFile; fileRef = 01E2DF2F23755C3E0096CBAB /* PokemonModel.swift */; };
		01E2DF35237577090096CBAB /* PokemonCell.swift in Sources */ = {isa = PBXBuildFile; fileRef = 01E2DF34237577090096CBAB /* PokemonCell.swift */; };
		01E2DF3723759D9C0096CBAB /* CSV.swift in Sources */ = {isa = PBXBuildFile; fileRef = 01E2DF3623759D9C0096CBAB /* CSV.swift */; };
/* End PBXBuildFile section */

/* Begin PBXFileReference section */
		01CD360323754B7D00648A4A /* pokemon.csv */ = {isa = PBXFileReference; fileEncoding = 4; lastKnownFileType = text; path = pokemon.csv; sourceTree = "<group>"; };
		01D64BF9237443E200AF9BBC /* pokedex.app */ = {isa = PBXFileReference; explicitFileType = wrapper.application; includeInIndex = 0; path = pokedex.app; sourceTree = BUILT_PRODUCTS_DIR; };
		01D64BFC237443E200AF9BBC /* AppDelegate.swift */ = {isa = PBXFileReference; lastKnownFileType = sourcecode.swift; path = AppDelegate.swift; sourceTree = "<group>"; };
		01D64BFE237443E200AF9BBC /* ViewController.swift */ = {isa = PBXFileReference; lastKnownFileType = sourcecode.swift; path = ViewController.swift; sourceTree = "<group>"; };
		01D64C01237443E200AF9BBC /* Base */ = {isa = PBXFileReference; lastKnownFileType = file.storyboard; name = Base; path = Base.lproj/Main.storyboard; sourceTree = "<group>"; };
		01D64C06237443E200AF9BBC /* Base */ = {isa = PBXFileReference; lastKnownFileType = file.storyboard; name = Base; path = Base.lproj/LaunchScreen.storyboard; sourceTree = "<group>"; };
		01D64C08237443E200AF9BBC /* Info.plist */ = {isa = PBXFileReference; lastKnownFileType = text.plist.xml; path = Info.plist; sourceTree = "<group>"; };
		01E2DF2C23754F9A0096CBAB /* Assets.xcassets */ = {isa = PBXFileReference; lastKnownFileType = folder.assetcatalog; path = Assets.xcassets; sourceTree = "<group>"; };
		01E2DF2F23755C3E0096CBAB /* PokemonModel.swift */ = {isa = PBXFileReference; fileEncoding = 4; lastKnownFileType = sourcecode.swift; path = PokemonModel.swift; sourceTree = "<group>"; };
		01E2DF34237577090096CBAB /* PokemonCell.swift */ = {isa = PBXFileReference; fileEncoding = 4; lastKnownFileType = sourcecode.swift; path = PokemonCell.swift; sourceTree = "<group>"; };
		01E2DF3623759D9C0096CBAB /* CSV.swift */ = {isa = PBXFileReference; fileEncoding = 4; lastKnownFileType = sourcecode.swift; path = CSV.swift; sourceTree = "<group>"; };
/* End PBXFileReference section */

/* Begin PBXFrameworksBuildPhase section */
		01D64BF6237443E200AF9BBC /* Frameworks */ = {
			isa = PBXFrameworksBuildPhase;
			buildActionMask = 2147483647;
			files = (
			);
			runOnlyForDeploymentPostprocessing = 0;
		};
/* End PBXFrameworksBuildPhase section */

/* Begin PBXGroup section */
		01D64BF0237443E100AF9BBC = {
			isa = PBXGroup;
			children = (
				01D64BFB237443E200AF9BBC /* pokedex */,
				01D64BFA237443E200AF9BBC /* Products */,
			);
			sourceTree = "<group>";
		};
		01D64BFA237443E200AF9BBC /* Products */ = {
			isa = PBXGroup;
			children = (
				01D64BF9237443E200AF9BBC /* pokedex.app */,
			);
			name = Products;
			sourceTree = "<group>";
		};
		01D64BFB237443E200AF9BBC /* pokedex */ = {
			isa = PBXGroup;
			children = (
				01E2DF31237574B00096CBAB /* View */,
				01E2DF2E23755C220096CBAB /* Model */,
				01CD360323754B7D00648A4A /* pokemon.csv */,
				01D64BFC237443E200AF9BBC /* AppDelegate.swift */,
				01D64BFE237443E200AF9BBC /* ViewController.swift */,
				01D64C00237443E200AF9BBC /* Main.storyboard */,
				01D64C05237443E200AF9BBC /* LaunchScreen.storyboard */,
				01D64C08237443E200AF9BBC /* Info.plist */,
				01E2DF3623759D9C0096CBAB /* CSV.swift */,
				01E2DF2C23754F9A0096CBAB /* Assets.xcassets */,
			);
			path = pokedex;
			sourceTree = "<group>";
		};
		01E2DF2E23755C220096CBAB /* Model */ = {
			isa = PBXGroup;
			children = (
				01E2DF2F23755C3E0096CBAB /* PokemonModel.swift */,
			);
			name = Model;
			sourceTree = "<group>";
		};
		01E2DF31237574B00096CBAB /* View */ = {
			isa = PBXGroup;
			children = (
				01E2DF34237577090096CBAB /* PokemonCell.swift */,
			);
			name = View;
			sourceTree = "<group>";
		};
/* End PBXGroup section */

/* Begin PBXNativeTarget section */
		01D64BF8237443E200AF9BBC /* pokedex */ = {
			isa = PBXNativeTarget;
			buildConfigurationList = 01D64C0B237443E200AF9BBC /* Build configuration list for PBXNativeTarget "pokedex" */;
			buildPhases = (
				01D64BF5237443E200AF9BBC /* Sources */,
				01D64BF6237443E200AF9BBC /* Frameworks */,
				01D64BF7237443E200AF9BBC /* Resources */,
			);
			buildRules = (
			);
			dependencies = (
			);
			name = pokedex;
			productName = pokedex;
			productReference = 01D64BF9237443E200AF9BBC /* pokedex.app */;
			productType = "com.apple.product-type.application";
		};
/* End PBXNativeTarget section */

/* Begin PBXProject section */
		01D64BF1237443E100AF9BBC /* Project object */ = {
			isa = PBXProject;
			attributes = {
				LastSwiftUpdateCheck = 0820;
				LastUpgradeCheck = 0820;
				ORGANIZATIONNAME = NeuAlto;
				TargetAttributes = {
					01D64BF8237443E200AF9BBC = {
						CreatedOnToolsVersion = 8.2.1;
						DevelopmentTeam = 38JX7Z6N2M;
						LastSwiftMigration = 0820;
						ProvisioningStyle = Automatic;
					};
				};
			};
			buildConfigurationList = 01D64BF4237443E200AF9BBC /* Build configuration list for PBXProject "pokedex" */;
			compatibilityVersion = "Xcode 3.2";
			developmentRegion = English;
			hasScannedForEncodings = 0;
			knownRegions = (
				en,
				Base,
			);
			mainGroup = 01D64BF0237443E100AF9BBC;
			productRefGroup = 01D64BFA237443E200AF9BBC /* Products */;
			projectDirPath = "";
			projectRoot = "";
			targets = (
				01D64BF8237443E200AF9BBC /* pokedex */,
			);
		};
/* End PBXProject section */

/* Begin PBXResourcesBuildPhase section */
		01D64BF7237443E200AF9BBC /* Resources */ = {
			isa = PBXResourcesBuildPhase;
			buildActionMask = 2147483647;
			files = (
				01D64C07237443E200AF9BBC /* LaunchScreen.storyboard in Resources */,
				01CD360423754B7D00648A4A /* pokemon.csv in Resources */,
				01E2DF2D23754F9A0096CBAB /* Assets.xcassets in Resources */,
				01D64C02237443E200AF9BBC /* Main.storyboard in Resources */,
			);
			runOnlyForDeploymentPostprocessing = 0;
		};
/* End PBXResourcesBuildPhase section */

/* Begin PBXSourcesBuildPhase section */
		01D64BF5237443E200AF9BBC /* Sources */ = {
			isa = PBXSourcesBuildPhase;
			buildActionMask = 2147483647;
			files = (
				01D64BFF237443E200AF9BBC /* ViewController.swift in Sources */,
				01D64BFD237443E200AF9BBC /* AppDelegate.swift in Sources */,
				01E2DF3723759D9C0096CBAB /* CSV.swift in Sources */,
				01E2DF35237577090096CBAB /* PokemonCell.swift in Sources */,
				01E2DF3023755C3E0096CBAB /* PokemonModel.swift in Sources */,
			);
			runOnlyForDeploymentPostprocessing = 0;
		};
/* End PBXSourcesBuildPhase section */

/* Begin PBXVariantGroup section */
		01D64C00237443E200AF9BBC /* Main.storyboard */ = {
			isa = PBXVariantGroup;
			children = (
				01D64C01237443E200AF9BBC /* Base */,
			);
			name = Main.storyboard;
			sourceTree = "<group>";
		};
		01D64C05237443E200AF9BBC /* LaunchScreen.storyboard */ = {
			isa = PBXVariantGroup;
			children = (
				01D64C06237443E200AF9BBC /* Base */,
			);
			name = LaunchScreen.storyboard;
			sourceTree = "<group>";
		};
/* End PBXVariantGroup section */

/* Begin XCBuildConfiguration section */
		01D64C09237443E200AF9BBC /* Debug */ = {
			isa = XCBuildConfiguration;
			buildSettings = {
				ALWAYS_SEARCH_USER_PATHS = NO;
				CLANG_ANALYZER_NONNULL = YES;
				CLANG_CXX_LANGUAGE_STANDARD = "gnu++0x";
				CLANG_CXX_LIBRARY = "libc++";
				CLANG_ENABLE_MODULES = YES;
				CLANG_ENABLE_OBJC_ARC = YES;
				CLANG_WARN_BOOL_CONVERSION = YES;
				CLANG_WARN_CONSTANT_CONVERSION = YES;
				CLANG_WARN_DIRECT_OBJC_ISA_USAGE = YES_ERROR;
				CLANG_WARN_DOCUMENTATION_COMMENTS = YES;
				CLANG_WARN_EMPTY_BODY = YES;
				CLANG_WARN_ENUM_CONVERSION = YES;
				CLANG_WARN_INFINITE_RECURSION = YES;
				CLANG_WARN_INT_CONVERSION = YES;
				CLANG_WARN_OBJC_ROOT_CLASS = YES_ERROR;
				CLANG_WARN_SUSPICIOUS_MOVE = YES;
				CLANG_WARN_UNREACHABLE_CODE = YES;
				CLANG_WARN__DUPLICATE_METHOD_MATCH = YES;
				"CODE_SIGN_IDENTITY[sdk=iphoneos*]" = "iPhone Developer";
				COPY_PHASE_STRIP = NO;
				DEBUG_INFORMATION_FORMAT = dwarf;
				ENABLE_STRICT_OBJC_MSGSEND = YES;
				ENABLE_TESTABILITY = YES;
				GCC_C_LANGUAGE_STANDARD = gnu99;
				GCC_DYNAMIC_NO_PIC = NO;
				GCC_NO_COMMON_BLOCKS = YES;
				GCC_OPTIMIZATION_LEVEL = 0;
				GCC_PREPROCESSOR_DEFINITIONS = (
					"DEBUG=1",
					"$(inherited)",
				);
				GCC_WARN_64_TO_32_BIT_CONVERSION = YES;
				GCC_WARN_ABOUT_RETURN_TYPE = YES_ERROR;
				GCC_WARN_UNDECLARED_SELECTOR = YES;
				GCC_WARN_UNINITIALIZED_AUTOS = YES_AGGRESSIVE;
				GCC_WARN_UNUSED_FUNCTION = YES;
				GCC_WARN_UNUSED_VARIABLE = YES;
				IPHONEOS_DEPLOYMENT_TARGET = 10.2;
				MTL_ENABLE_DEBUG_INFO = YES;
				ONLY_ACTIVE_ARCH = YES;
				SDKROOT = iphoneos;
				SWIFT_ACTIVE_COMPILATION_CONDITIONS = DEBUG;
				SWIFT_OPTIMIZATION_LEVEL = "-Onone";
				TARGETED_DEVICE_FAMILY = "1,2";
			};
			name = Debug;
		};
		01D64C0A237443E200AF9BBC /* Release */ = {
			isa = XCBuildConfiguration;
			buildSettings = {
				ALWAYS_SEARCH_USER_PATHS = NO;
				CLANG_ANALYZER_NONNULL = YES;
				CLANG_CXX_LANGUAGE_STANDARD = "gnu++0x";
				CLANG_CXX_LIBRARY = "libc++";
				CLANG_ENABLE_MODULES = YES;
				CLANG_ENABLE_OBJC_ARC = YES;
				CLANG_WARN_BOOL_CONVERSION = YES;
				CLANG_WARN_CONSTANT_CONVERSION = YES;
				CLANG_WARN_DIRECT_OBJC_ISA_USAGE = YES_ERROR;
				CLANG_WARN_DOCUMENTATION_COMMENTS = YES;
				CLANG_WARN_EMPTY_BODY = YES;
				CLANG_WARN_ENUM_CONVERSION = YES;
				CLANG_WARN_INFINITE_RECURSION = YES;
				CLANG_WARN_INT_CONVERSION = YES;
				CLANG_WARN_OBJC_ROOT_CLASS = YES_ERROR;
				CLANG_WARN_SUSPICIOUS_MOVE = YES;
				CLANG_WARN_UNREACHABLE_CODE = YES;
				CLANG_WARN__DUPLICATE_METHOD_MATCH = YES;
				"CODE_SIGN_IDENTITY[sdk=iphoneos*]" = "iPhone Developer";
				COPY_PHASE_STRIP = NO;
				DEBUG_INFORMATION_FORMAT = "dwarf-with-dsym";
				ENABLE_NS_ASSERTIONS = NO;
				ENABLE_STRICT_OBJC_MSGSEND = YES;
				GCC_C_LANGUAGE_STANDARD = gnu99;
				GCC_NO_COMMON_BLOCKS = YES;
				GCC_WARN_64_TO_32_BIT_CONVERSION = YES;
				GCC_WARN_ABOUT_RETURN_TYPE = YES_ERROR;
				GCC_WARN_UNDECLARED_SELECTOR = YES;
				GCC_WARN_UNINITIALIZED_AUTOS = YES_AGGRESSIVE;
				GCC_WARN_UNUSED_FUNCTION = YES;
				GCC_WARN_UNUSED_VARIABLE = YES;
				IPHONEOS_DEPLOYMENT_TARGET = 10.2;
				MTL_ENABLE_DEBUG_INFO = NO;
				SDKROOT = iphoneos;
				SWIFT_OPTIMIZATION_LEVEL = "-Owholemodule";
				TARGETED_DEVICE_FAMILY = "1,2";
				VALIDATE_PRODUCT = YES;
			};
			name = Release;
		};
		01D64C0C237443E200AF9BBC /* Debug */ = {
			isa = XCBuildConfiguration;
			buildSettings = {
				DEVELOPMENT_TEAM = 38JX7Z6N2M;
				INFOPLIST_FILE = pokedex/Info.plist;
				LD_RUNPATH_SEARCH_PATHS = "$(inherited) @executable_path/Frameworks";
				PRODUCT_BUNDLE_IDENTIFIER = com.NeuAlto.pokedex;
				PRODUCT_NAME = "$(TARGET_NAME)";
				SWIFT_VERSION = 3.0;
			};
			name = Debug;
		};
		01D64C0D237443E200AF9BBC /* Release */ = {
			isa = XCBuildConfiguration;
			buildSettings = {
				DEVELOPMENT_TEAM = 38JX7Z6N2M;
				INFOPLIST_FILE = pokedex/Info.plist;
				LD_RUNPATH_SEARCH_PATHS = "$(inherited) @executable_path/Frameworks";
				PRODUCT_BUNDLE_IDENTIFIER = com.NeuAlto.pokedex;
				PRODUCT_NAME = "$(TARGET_NAME)";
				SWIFT_VERSION = 3.0;
			};
			name = Release;
		};
/* End XCBuildConfiguration section */

/* Begin XCConfigurationList section */
		01D64BF4237443E200AF9BBC /* Build configuration list for PBXProject "pokedex" */ = {
			isa = XCConfigurationList;
			buildConfigurations = (
				01D64C09237443E200AF9BBC /* Debug */,
				01D64C0A237443E200AF9BBC /* Release */,
			);
			defaultConfigurationIsVisible = 0;
			defaultConfigurationName = Release;
		};
		01D64C0B237443E200AF9BBC /* Build configuration list for PBXNativeTarget "pokedex" */ = {
			isa = XCConfigurationList;
			buildConfigurations = (
				01D64C0C237443E200AF9BBC /* Debug */,
				01D64C0D237443E200AF9BBC /* Release */,
			);
			defaultConfigurationIsVisible = 0;
			defaultConfigurationName = Release;
		};
/* End XCConfigurationList section */
	};
	rootObject = 01D64BF1237443E100AF9BBC /* Project object */;
}
